// !$*UTF8*$!
{
	archiveVersion = 1;
	classes = {
	};
	objectVersion = 46;
	objects = {

/* Begin PBXBuildFile section */
		9455FECC1A3200150059EC69 /* AppDelegate.swift in Sources */ = {isa = PBXBuildFile; fileRef = 9455FECB1A3200150059EC69 /* AppDelegate.swift */; };
		9455FECE1A3200150059EC69 /* ViewController.swift in Sources */ = {isa = PBXBuildFile; fileRef = 9455FECD1A3200150059EC69 /* ViewController.swift */; };
		9455FED11A3200150059EC69 /* Main.storyboard in Resources */ = {isa = PBXBuildFile; fileRef = 9455FECF1A3200150059EC69 /* Main.storyboard */; };
		9455FED31A3200150059EC69 /* Images.xcassets in Resources */ = {isa = PBXBuildFile; fileRef = 9455FED21A3200150059EC69 /* Images.xcassets */; };
		9455FED61A3200150059EC69 /* LaunchScreen.xib in Resources */ = {isa = PBXBuildFile; fileRef = 9455FED41A3200150059EC69 /* LaunchScreen.xib */; };
		9455FEE21A3200150059EC69 /* InstagramTests.swift in Sources */ = {isa = PBXBuildFile; fileRef = 9455FEE11A3200150059EC69 /* InstagramTests.swift */; };
		9455FEED1A3200320059EC69 /* Bolts.framework in Frameworks */ = {isa = PBXBuildFile; fileRef = 9455FEEB1A3200320059EC69 /* Bolts.framework */; };
		9455FEEE1A3200320059EC69 /* Parse.framework in Frameworks */ = {isa = PBXBuildFile; fileRef = 9455FEEC1A3200320059EC69 /* Parse.framework */; };
		9455FEF01A3200510059EC69 /* AudioToolbox.framework in Frameworks */ = {isa = PBXBuildFile; fileRef = 9455FEEF1A3200510059EC69 /* AudioToolbox.framework */; };
		9455FEF21A32005A0059EC69 /* CFNetwork.framework in Frameworks */ = {isa = PBXBuildFile; fileRef = 9455FEF11A32005A0059EC69 /* CFNetwork.framework */; };
		9455FEF41A3200660059EC69 /* CoreGraphics.framework in Frameworks */ = {isa = PBXBuildFile; fileRef = 9455FEF31A3200660059EC69 /* CoreGraphics.framework */; };
		9455FEF61A32006D0059EC69 /* CoreLocation.framework in Frameworks */ = {isa = PBXBuildFile; fileRef = 9455FEF51A32006D0059EC69 /* CoreLocation.framework */; };
		9455FEF81A32007B0059EC69 /* libz.dylib in Frameworks */ = {isa = PBXBuildFile; fileRef = 9455FEF71A32007B0059EC69 /* libz.dylib */; };
		9455FEFA1A3200860059EC69 /* MobileCoreServices.framework in Frameworks */ = {isa = PBXBuildFile; fileRef = 9455FEF91A3200860059EC69 /* MobileCoreServices.framework */; };
		9455FEFC1A32008C0059EC69 /* StoreKit.framework in Frameworks */ = {isa = PBXBuildFile; fileRef = 9455FEFB1A32008C0059EC69 /* StoreKit.framework */; };
		9455FEFE1A3200960059EC69 /* QuartzCore.framework in Frameworks */ = {isa = PBXBuildFile; fileRef = 9455FEFD1A3200960059EC69 /* QuartzCore.framework */; };
		9455FF001A32009C0059EC69 /* Security.framework in Frameworks */ = {isa = PBXBuildFile; fileRef = 9455FEFF1A32009C0059EC69 /* Security.framework */; };
		9455FF021A3200A60059EC69 /* SystemConfiguration.framework in Frameworks */ = {isa = PBXBuildFile; fileRef = 9455FF011A3200A60059EC69 /* SystemConfiguration.framework */; };
		946A0E851A3429020030A1EF /* FeedTableViewController.swift in Sources */ = {isa = PBXBuildFile; fileRef = 946A0E841A3429020030A1EF /* FeedTableViewController.swift */; };
		946A0E871A3429510030A1EF /* FeedTableViewCell.swift in Sources */ = {isa = PBXBuildFile; fileRef = 946A0E861A3429510030A1EF /* FeedTableViewCell.swift */; };
		9474FC6B1A33765600C510C9 /* PostViewController.swift in Sources */ = {isa = PBXBuildFile; fileRef = 9474FC6A1A33765600C510C9 /* PostViewController.swift */; };
		94E1354C1A32EAC900060423 /* UserTableViewController.swift in Sources */ = {isa = PBXBuildFile; fileRef = 94E1354B1A32EAC900060423 /* UserTableViewController.swift */; };
/* End PBXBuildFile section */

/* Begin PBXContainerItemProxy section */
		9455FEDC1A3200150059EC69 /* PBXContainerItemProxy */ = {
			isa = PBXContainerItemProxy;
			containerPortal = 9455FEBE1A3200150059EC69 /* Project object */;
			proxyType = 1;
			remoteGlobalIDString = 9455FEC51A3200150059EC69;
			remoteInfo = Instagram;
		};
/* End PBXContainerItemProxy section */

/* Begin PBXFileReference section */
		9455FEC61A3200150059EC69 /* Instagram.app */ = {isa = PBXFileReference; explicitFileType = wrapper.application; includeInIndex = 0; path = Instagram.app; sourceTree = BUILT_PRODUCTS_DIR; };
		9455FECA1A3200150059EC69 /* Info.plist */ = {isa = PBXFileReference; lastKnownFileType = text.plist.xml; path = Info.plist; sourceTree = "<group>"; };
		9455FECB1A3200150059EC69 /* AppDelegate.swift */ = {isa = PBXFileReference; lastKnownFileType = sourcecode.swift; path = AppDelegate.swift; sourceTree = "<group>"; };
		9455FECD1A3200150059EC69 /* ViewController.swift */ = {isa = PBXFileReference; lastKnownFileType = sourcecode.swift; path = ViewController.swift; sourceTree = "<group>"; };
		9455FED01A3200150059EC69 /* Base */ = {isa = PBXFileReference; lastKnownFileType = file.storyboard; name = Base; path = Base.lproj/Main.storyboard; sourceTree = "<group>"; };
		9455FED21A3200150059EC69 /* Images.xcassets */ = {isa = PBXFileReference; lastKnownFileType = folder.assetcatalog; path = Images.xcassets; sourceTree = "<group>"; };
		9455FED51A3200150059EC69 /* Base */ = {isa = PBXFileReference; lastKnownFileType = file.xib; name = Base; path = Base.lproj/LaunchScreen.xib; sourceTree = "<group>"; };
		9455FEDB1A3200150059EC69 /* InstagramTests.xctest */ = {isa = PBXFileReference; explicitFileType = wrapper.cfbundle; includeInIndex = 0; path = InstagramTests.xctest; sourceTree = BUILT_PRODUCTS_DIR; };
		9455FEE01A3200150059EC69 /* Info.plist */ = {isa = PBXFileReference; lastKnownFileType = text.plist.xml; path = Info.plist; sourceTree = "<group>"; };
		9455FEE11A3200150059EC69 /* InstagramTests.swift */ = {isa = PBXFileReference; lastKnownFileType = sourcecode.swift; path = InstagramTests.swift; sourceTree = "<group>"; };
		9455FEEB1A3200320059EC69 /* Bolts.framework */ = {isa = PBXFileReference; lastKnownFileType = wrapper.framework; path = Bolts.framework; sourceTree = "<group>"; };
		9455FEEC1A3200320059EC69 /* Parse.framework */ = {isa = PBXFileReference; lastKnownFileType = wrapper.framework; path = Parse.framework; sourceTree = "<group>"; };
		9455FEEF1A3200510059EC69 /* AudioToolbox.framework */ = {isa = PBXFileReference; lastKnownFileType = wrapper.framework; name = AudioToolbox.framework; path = System/Library/Frameworks/AudioToolbox.framework; sourceTree = SDKROOT; };
		9455FEF11A32005A0059EC69 /* CFNetwork.framework */ = {isa = PBXFileReference; lastKnownFileType = wrapper.framework; name = CFNetwork.framework; path = System/Library/Frameworks/CFNetwork.framework; sourceTree = SDKROOT; };
		9455FEF31A3200660059EC69 /* CoreGraphics.framework */ = {isa = PBXFileReference; lastKnownFileType = wrapper.framework; name = CoreGraphics.framework; path = System/Library/Frameworks/CoreGraphics.framework; sourceTree = SDKROOT; };
		9455FEF51A32006D0059EC69 /* CoreLocation.framework */ = {isa = PBXFileReference; lastKnownFileType = wrapper.framework; name = CoreLocation.framework; path = System/Library/Frameworks/CoreLocation.framework; sourceTree = SDKROOT; };
		9455FEF71A32007B0059EC69 /* libz.dylib */ = {isa = PBXFileReference; lastKnownFileType = "compiled.mach-o.dylib"; name = libz.dylib; path = usr/lib/libz.dylib; sourceTree = SDKROOT; };
		9455FEF91A3200860059EC69 /* MobileCoreServices.framework */ = {isa = PBXFileReference; lastKnownFileType = wrapper.framework; name = MobileCoreServices.framework; path = System/Library/Frameworks/MobileCoreServices.framework; sourceTree = SDKROOT; };
		9455FEFB1A32008C0059EC69 /* StoreKit.framework */ = {isa = PBXFileReference; lastKnownFileType = wrapper.framework; name = StoreKit.framework; path = System/Library/Frameworks/StoreKit.framework; sourceTree = SDKROOT; };
		9455FEFD1A3200960059EC69 /* QuartzCore.framework */ = {isa = PBXFileReference; lastKnownFileType = wrapper.framework; name = QuartzCore.framework; path = System/Library/Frameworks/QuartzCore.framework; sourceTree = SDKROOT; };
		9455FEFF1A32009C0059EC69 /* Security.framework */ = {isa = PBXFileReference; lastKnownFileType = wrapper.framework; name = Security.framework; path = System/Library/Frameworks/Security.framework; sourceTree = SDKROOT; };
		9455FF011A3200A60059EC69 /* SystemConfiguration.framework */ = {isa = PBXFileReference; lastKnownFileType = wrapper.framework; name = SystemConfiguration.framework; path = System/Library/Frameworks/SystemConfiguration.framework; sourceTree = SDKROOT; };
		9455FF031A32011D0059EC69 /* Instagram-Bridging-Header.h */ = {isa = PBXFileReference; lastKnownFileType = sourcecode.c.h; path = "Instagram-Bridging-Header.h"; sourceTree = "<group>"; };
		946A0E841A3429020030A1EF /* FeedTableViewController.swift */ = {isa = PBXFileReference; fileEncoding = 4; lastKnownFileType = sourcecode.swift; path = FeedTableViewController.swift; sourceTree = "<group>"; };
		946A0E861A3429510030A1EF /* FeedTableViewCell.swift */ = {isa = PBXFileReference; fileEncoding = 4; lastKnownFileType = sourcecode.swift; path = FeedTableViewCell.swift; sourceTree = "<group>"; };
		9474FC6A1A33765600C510C9 /* PostViewController.swift */ = {isa = PBXFileReference; fileEncoding = 4; lastKnownFileType = sourcecode.swift; name = PostViewController.swift; path = ../PostViewController.swift; sourceTree = "<group>"; };
		94E1354B1A32EAC900060423 /* UserTableViewController.swift */ = {isa = PBXFileReference; fileEncoding = 4; lastKnownFileType = sourcecode.swift; path = UserTableViewController.swift; sourceTree = "<group>"; };
/* End PBXFileReference section */

/* Begin PBXFrameworksBuildPhase section */
		9455FEC31A3200150059EC69 /* Frameworks */ = {
			isa = PBXFrameworksBuildPhase;
			buildActionMask = 2147483647;
			files = (
				9455FF021A3200A60059EC69 /* SystemConfiguration.framework in Frameworks */,
				9455FF001A32009C0059EC69 /* Security.framework in Frameworks */,
				9455FEFE1A3200960059EC69 /* QuartzCore.framework in Frameworks */,
				9455FEFC1A32008C0059EC69 /* StoreKit.framework in Frameworks */,
				9455FEFA1A3200860059EC69 /* MobileCoreServices.framework in Frameworks */,
				9455FEF81A32007B0059EC69 /* libz.dylib in Frameworks */,
				9455FEF61A32006D0059EC69 /* CoreLocation.framework in Frameworks */,
				9455FEF41A3200660059EC69 /* CoreGraphics.framework in Frameworks */,
				9455FEF21A32005A0059EC69 /* CFNetwork.framework in Frameworks */,
				9455FEF01A3200510059EC69 /* AudioToolbox.framework in Frameworks */,
				9455FEEE1A3200320059EC69 /* Parse.framework in Frameworks */,
				9455FEED1A3200320059EC69 /* Bolts.framework in Frameworks */,
			);
			runOnlyForDeploymentPostprocessing = 0;
		};
		9455FED81A3200150059EC69 /* Frameworks */ = {
			isa = PBXFrameworksBuildPhase;
			buildActionMask = 2147483647;
			files = (
			);
			runOnlyForDeploymentPostprocessing = 0;
		};
/* End PBXFrameworksBuildPhase section */

/* Begin PBXGroup section */
		9455FEBD1A3200150059EC69 = {
			isa = PBXGroup;
			children = (
				9455FF011A3200A60059EC69 /* SystemConfiguration.framework */,
				9455FEFF1A32009C0059EC69 /* Security.framework */,
				9455FEFD1A3200960059EC69 /* QuartzCore.framework */,
				9455FEFB1A32008C0059EC69 /* StoreKit.framework */,
				9455FEF91A3200860059EC69 /* MobileCoreServices.framework */,
				9455FEF71A32007B0059EC69 /* libz.dylib */,
				9455FEF51A32006D0059EC69 /* CoreLocation.framework */,
				9455FEF31A3200660059EC69 /* CoreGraphics.framework */,
				9455FEF11A32005A0059EC69 /* CFNetwork.framework */,
				9455FEEF1A3200510059EC69 /* AudioToolbox.framework */,
				9455FEC81A3200150059EC69 /* Instagram */,
				9455FEDE1A3200150059EC69 /* InstagramTests */,
				9455FEC71A3200150059EC69 /* Products */,
			);
			sourceTree = "<group>";
		};
		9455FEC71A3200150059EC69 /* Products */ = {
			isa = PBXGroup;
			children = (
				9455FEC61A3200150059EC69 /* Instagram.app */,
				9455FEDB1A3200150059EC69 /* InstagramTests.xctest */,
			);
			name = Products;
			sourceTree = "<group>";
		};
		9455FEC81A3200150059EC69 /* Instagram */ = {
			isa = PBXGroup;
			children = (
				9455FEEB1A3200320059EC69 /* Bolts.framework */,
				9455FEEC1A3200320059EC69 /* Parse.framework */,
				9455FECB1A3200150059EC69 /* AppDelegate.swift */,
				9474FC6A1A33765600C510C9 /* PostViewController.swift */,
				9455FECD1A3200150059EC69 /* ViewController.swift */,
				94E1354B1A32EAC900060423 /* UserTableViewController.swift */,
				946A0E841A3429020030A1EF /* FeedTableViewController.swift */,
				946A0E861A3429510030A1EF /* FeedTableViewCell.swift */,
				9455FECF1A3200150059EC69 /* Main.storyboard */,
				9455FED21A3200150059EC69 /* Images.xcassets */,
				9455FED41A3200150059EC69 /* LaunchScreen.xib */,
				9455FEC91A3200150059EC69 /* Supporting Files */,
				9455FF031A32011D0059EC69 /* Instagram-Bridging-Header.h */,
			);
			path = Instagram;
			sourceTree = "<group>";
		};
		9455FEC91A3200150059EC69 /* Supporting Files */ = {
			isa = PBXGroup;
			children = (
				9455FECA1A3200150059EC69 /* Info.plist */,
			);
			name = "Supporting Files";
			sourceTree = "<group>";
		};
		9455FEDE1A3200150059EC69 /* InstagramTests */ = {
			isa = PBXGroup;
			children = (
				9455FEE11A3200150059EC69 /* InstagramTests.swift */,
				9455FEDF1A3200150059EC69 /* Supporting Files */,
			);
			path = InstagramTests;
			sourceTree = "<group>";
		};
		9455FEDF1A3200150059EC69 /* Supporting Files */ = {
			isa = PBXGroup;
			children = (
				9455FEE01A3200150059EC69 /* Info.plist */,
			);
			name = "Supporting Files";
			sourceTree = "<group>";
		};
/* End PBXGroup section */

/* Begin PBXNativeTarget section */
		9455FEC51A3200150059EC69 /* Instagram */ = {
			isa = PBXNativeTarget;
			buildConfigurationList = 9455FEE51A3200150059EC69 /* Build configuration list for PBXNativeTarget "Instagram" */;
			buildPhases = (
				9455FEC21A3200150059EC69 /* Sources */,
				9455FEC31A3200150059EC69 /* Frameworks */,
				9455FEC41A3200150059EC69 /* Resources */,
			);
			buildRules = (
			);
			dependencies = (
			);
			name = Instagram;
			productName = Instagram;
			productReference = 9455FEC61A3200150059EC69 /* Instagram.app */;
			productType = "com.apple.product-type.application";
		};
		9455FEDA1A3200150059EC69 /* InstagramTests */ = {
			isa = PBXNativeTarget;
			buildConfigurationList = 9455FEE81A3200150059EC69 /* Build configuration list for PBXNativeTarget "InstagramTests" */;
			buildPhases = (
				9455FED71A3200150059EC69 /* Sources */,
				9455FED81A3200150059EC69 /* Frameworks */,
				9455FED91A3200150059EC69 /* Resources */,
			);
			buildRules = (
			);
			dependencies = (
				9455FEDD1A3200150059EC69 /* PBXTargetDependency */,
			);
			name = InstagramTests;
			productName = InstagramTests;
			productReference = 9455FEDB1A3200150059EC69 /* InstagramTests.xctest */;
			productType = "com.apple.product-type.bundle.unit-test";
		};
/* End PBXNativeTarget section */

/* Begin PBXProject section */
		9455FEBE1A3200150059EC69 /* Project object */ = {
			isa = PBXProject;
			attributes = {
				LastUpgradeCheck = 0610;
				ORGANIZATIONNAME = "Rustan Corpuz Software Lab";
				TargetAttributes = {
					9455FEC51A3200150059EC69 = {
						CreatedOnToolsVersion = 6.1;
					};
					9455FEDA1A3200150059EC69 = {
						CreatedOnToolsVersion = 6.1;
						TestTargetID = 9455FEC51A3200150059EC69;
					};
				};
			};
			buildConfigurationList = 9455FEC11A3200150059EC69 /* Build configuration list for PBXProject "Instagram" */;
			compatibilityVersion = "Xcode 3.2";
			developmentRegion = English;
			hasScannedForEncodings = 0;
			knownRegions = (
				en,
				Base,
			);
			mainGroup = 9455FEBD1A3200150059EC69;
			productRefGroup = 9455FEC71A3200150059EC69 /* Products */;
			projectDirPath = "";
			projectRoot = "";
			targets = (
				9455FEC51A3200150059EC69 /* Instagram */,
				9455FEDA1A3200150059EC69 /* InstagramTests */,
			);
		};
/* End PBXProject section */

/* Begin PBXResourcesBuildPhase section */
		9455FEC41A3200150059EC69 /* Resources */ = {
			isa = PBXResourcesBuildPhase;
			buildActionMask = 2147483647;
			files = (
				9455FED11A3200150059EC69 /* Main.storyboard in Resources */,
				9455FED61A3200150059EC69 /* LaunchScreen.xib in Resources */,
				9455FED31A3200150059EC69 /* Images.xcassets in Resources */,
			);
			runOnlyForDeploymentPostprocessing = 0;
		};
		9455FED91A3200150059EC69 /* Resources */ = {
			isa = PBXResourcesBuildPhase;
			buildActionMask = 2147483647;
			files = (
			);
			runOnlyForDeploymentPostprocessing = 0;
		};
/* End PBXResourcesBuildPhase section */

/* Begin PBXSourcesBuildPhase section */
		9455FEC21A3200150059EC69 /* Sources */ = {
			isa = PBXSourcesBuildPhase;
			buildActionMask = 2147483647;
			files = (
				9474FC6B1A33765600C510C9 /* PostViewController.swift in Sources */,
				946A0E871A3429510030A1EF /* FeedTableViewCell.swift in Sources */,
				9455FECE1A3200150059EC69 /* ViewController.swift in Sources */,
				946A0E851A3429020030A1EF /* FeedTableViewController.swift in Sources */,
				94E1354C1A32EAC900060423 /* UserTableViewController.swift in Sources */,
				9455FECC1A3200150059EC69 /* AppDelegate.swift in Sources */,
			);
			runOnlyForDeploymentPostprocessing = 0;
		};
		9455FED71A3200150059EC69 /* Sources */ = {
			isa = PBXSourcesBuildPhase;
			buildActionMask = 2147483647;
			files = (
				9455FEE21A3200150059EC69 /* InstagramTests.swift in Sources */,
			);
			runOnlyForDeploymentPostprocessing = 0;
		};
/* End PBXSourcesBuildPhase section */

/* Begin PBXTargetDependency section */
		9455FEDD1A3200150059EC69 /* PBXTargetDependency */ = {
			isa = PBXTargetDependency;
			target = 9455FEC51A3200150059EC69 /* Instagram */;
			targetProxy = 9455FEDC1A3200150059EC69 /* PBXContainerItemProxy */;
		};
/* End PBXTargetDependency section */

/* Begin PBXVariantGroup section */
		9455FECF1A3200150059EC69 /* Main.storyboard */ = {
			isa = PBXVariantGroup;
			children = (
				9455FED01A3200150059EC69 /* Base */,
			);
			name = Main.storyboard;
			sourceTree = "<group>";
		};
		9455FED41A3200150059EC69 /* LaunchScreen.xib */ = {
			isa = PBXVariantGroup;
			children = (
				9455FED51A3200150059EC69 /* Base */,
			);
			name = LaunchScreen.xib;
			sourceTree = "<group>";
		};
/* End PBXVariantGroup section */

/* Begin XCBuildConfiguration section */
		9455FEE31A3200150059EC69 /* Debug */ = {
			isa = XCBuildConfiguration;
			buildSettings = {
				ALWAYS_SEARCH_USER_PATHS = NO;
				CLANG_CXX_LANGUAGE_STANDARD = "gnu++0x";
				CLANG_CXX_LIBRARY = "libc++";
				CLANG_ENABLE_MODULES = YES;
				CLANG_ENABLE_OBJC_ARC = YES;
				CLANG_WARN_BOOL_CONVERSION = YES;
				CLANG_WARN_CONSTANT_CONVERSION = YES;
				CLANG_WARN_DIRECT_OBJC_ISA_USAGE = YES_ERROR;
				CLANG_WARN_EMPTY_BODY = YES;
				CLANG_WARN_ENUM_CONVERSION = YES;
				CLANG_WARN_INT_CONVERSION = YES;
				CLANG_WARN_OBJC_ROOT_CLASS = YES_ERROR;
				CLANG_WARN_UNREACHABLE_CODE = YES;
				CLANG_WARN__DUPLICATE_METHOD_MATCH = YES;
				"CODE_SIGN_IDENTITY[sdk=iphoneos*]" = "iPhone Developer";
				COPY_PHASE_STRIP = NO;
				ENABLE_STRICT_OBJC_MSGSEND = YES;
				GCC_C_LANGUAGE_STANDARD = gnu99;
				GCC_DYNAMIC_NO_PIC = NO;
				GCC_OPTIMIZATION_LEVEL = 0;
				GCC_PREPROCESSOR_DEFINITIONS = (
					"DEBUG=1",
					"$(inherited)",
				);
				GCC_SYMBOLS_PRIVATE_EXTERN = NO;
				GCC_WARN_64_TO_32_BIT_CONVERSION = YES;
				GCC_WARN_ABOUT_RETURN_TYPE = YES_ERROR;
				GCC_WARN_UNDECLARED_SELECTOR = YES;
				GCC_WARN_UNINITIALIZED_AUTOS = YES_AGGRESSIVE;
				GCC_WARN_UNUSED_FUNCTION = YES;
				GCC_WARN_UNUSED_VARIABLE = YES;
				IPHONEOS_DEPLOYMENT_TARGET = 8.1;
				MTL_ENABLE_DEBUG_INFO = YES;
				ONLY_ACTIVE_ARCH = YES;
				SDKROOT = iphoneos;
				SWIFT_OPTIMIZATION_LEVEL = "-Onone";
			};
			name = Debug;
		};
		9455FEE41A3200150059EC69 /* Release */ = {
			isa = XCBuildConfiguration;
			buildSettings = {
				ALWAYS_SEARCH_USER_PATHS = NO;
				CLANG_CXX_LANGUAGE_STANDARD = "gnu++0x";
				CLANG_CXX_LIBRARY = "libc++";
				CLANG_ENABLE_MODULES = YES;
				CLANG_ENABLE_OBJC_ARC = YES;
				CLANG_WARN_BOOL_CONVERSION = YES;
				CLANG_WARN_CONSTANT_CONVERSION = YES;
				CLANG_WARN_DIRECT_OBJC_ISA_USAGE = YES_ERROR;
				CLANG_WARN_EMPTY_BODY = YES;
				CLANG_WARN_ENUM_CONVERSION = YES;
				CLANG_WARN_INT_CONVERSION = YES;
				CLANG_WARN_OBJC_ROOT_CLASS = YES_ERROR;
				CLANG_WARN_UNREACHABLE_CODE = YES;
				CLANG_WARN__DUPLICATE_METHOD_MATCH = YES;
				"CODE_SIGN_IDENTITY[sdk=iphoneos*]" = "iPhone Developer";
				COPY_PHASE_STRIP = YES;
				ENABLE_NS_ASSERTIONS = NO;
				ENABLE_STRICT_OBJC_MSGSEND = YES;
				GCC_C_LANGUAGE_STANDARD = gnu99;
				GCC_WARN_64_TO_32_BIT_CONVERSION = YES;
				GCC_WARN_ABOUT_RETURN_TYPE = YES_ERROR;
				GCC_WARN_UNDECLARED_SELECTOR = YES;
				GCC_WARN_UNINITIALIZED_AUTOS = YES_AGGRESSIVE;
				GCC_WARN_UNUSED_FUNCTION = YES;
				GCC_WARN_UNUSED_VARIABLE = YES;
				IPHONEOS_DEPLOYMENT_TARGET = 8.1;
				MTL_ENABLE_DEBUG_INFO = NO;
				SDKROOT = iphoneos;
				VALIDATE_PRODUCT = YES;
			};
			name = Release;
		};
		9455FEE61A3200150059EC69 /* Debug */ = {
			isa = XCBuildConfiguration;
			buildSettings = {
				ASSETCATALOG_COMPILER_APPICON_NAME = AppIcon;
				CLANG_ENABLE_MODULES = YES;
				FRAMEWORK_SEARCH_PATHS = (
					"$(inherited)",
					"$(PROJECT_DIR)/Instagram",
				);
				INFOPLIST_FILE = Instagram/Info.plist;
				LD_RUNPATH_SEARCH_PATHS = "$(inherited) @executable_path/Frameworks";
				PRODUCT_NAME = "$(TARGET_NAME)";
				SWIFT_OBJC_BRIDGING_HEADER = "Instagram/Instagram-Bridging-Header.h";
				SWIFT_OPTIMIZATION_LEVEL = "-Onone";
			};
			name = Debug;
		};
		9455FEE71A3200150059EC69 /* Release */ = {
			isa = XCBuildConfiguration;
			buildSettings = {
				ASSETCATALOG_COMPILER_APPICON_NAME = AppIcon;
				CLANG_ENABLE_MODULES = YES;
				FRAMEWORK_SEARCH_PATHS = (
					"$(inherited)",
					"$(PROJECT_DIR)/Instagram",
				);
				INFOPLIST_FILE = Instagram/Info.plist;
				LD_RUNPATH_SEARCH_PATHS = "$(inherited) @executable_path/Frameworks";
				PRODUCT_NAME = "$(TARGET_NAME)";
				SWIFT_OBJC_BRIDGING_HEADER = "Instagram/Instagram-Bridging-Header.h";
			};
			name = Release;
		};
		9455FEE91A3200150059EC69 /* Debug */ = {
			isa = XCBuildConfiguration;
			buildSettings = {
				BUNDLE_LOADER = "$(TEST_HOST)";
				FRAMEWORK_SEARCH_PATHS = (
					"$(SDKROOT)/Developer/Library/Frameworks",
					"$(inherited)",
				);
				GCC_PREPROCESSOR_DEFINITIONS = (
					"DEBUG=1",
					"$(inherited)",
				);
				INFOPLIST_FILE = InstagramTests/Info.plist;
				LD_RUNPATH_SEARCH_PATHS = "$(inherited) @executable_path/Frameworks @loader_path/Frameworks";
				PRODUCT_NAME = "$(TARGET_NAME)";
				TEST_HOST = "$(BUILT_PRODUCTS_DIR)/Instagram.app/Instagram";
			};
			name = Debug;
		};
		9455FEEA1A3200150059EC69 /* Release */ = {
			isa = XCBuildConfiguration;
			buildSettings = {
				BUNDLE_LOADER = "$(TEST_HOST)";
				FRAMEWORK_SEARCH_PATHS = (
					"$(SDKROOT)/Developer/Library/Frameworks",
					"$(inherited)",
				);
				INFOPLIST_FILE = InstagramTests/Info.plist;
				LD_RUNPATH_SEARCH_PATHS = "$(inherited) @executable_path/Frameworks @loader_path/Frameworks";
				PRODUCT_NAME = "$(TARGET_NAME)";
				TEST_HOST = "$(BUILT_PRODUCTS_DIR)/Instagram.app/Instagram";
			};
			name = Release;
		};
/* End XCBuildConfiguration section */

/* Begin XCConfigurationList section */
		9455FEC11A3200150059EC69 /* Build configuration list for PBXProject "Instagram" */ = {
			isa = XCConfigurationList;
			buildConfigurations = (
				9455FEE31A3200150059EC69 /* Debug */,
				9455FEE41A3200150059EC69 /* Release */,
			);
			defaultConfigurationIsVisible = 0;
			defaultConfigurationName = Release;
		};
		9455FEE51A3200150059EC69 /* Build configuration list for PBXNativeTarget "Instagram" */ = {
			isa = XCConfigurationList;
			buildConfigurations = (
				9455FEE61A3200150059EC69 /* Debug */,
				9455FEE71A3200150059EC69 /* Release */,
			);
			defaultConfigurationIsVisible = 0;
			defaultConfigurationName = Release;
		};
		9455FEE81A3200150059EC69 /* Build configuration list for PBXNativeTarget "InstagramTests" */ = {
			isa = XCConfigurationList;
			buildConfigurations = (
				9455FEE91A3200150059EC69 /* Debug */,
				9455FEEA1A3200150059EC69 /* Release */,
			);
			defaultConfigurationIsVisible = 0;
			defaultConfigurationName = Release;
		};
/* End XCConfigurationList section */
	};
	rootObject = 9455FEBE1A3200150059EC69 /* Project object */;
}
